
Microsoft Visual Studio Solution File, Format Version 12.00
# Visual Studio Version 17
VisualStudioVersion = 17.3.32929.385
MinimumVisualStudioVersion = 10.0.40219.1
Project("{FAE04EC0-301F-11D3-BF4B-00C04F79EFBC}") = "Catalina_Frunza_Laborator2", "Catalina_Frunza_Laborator2.csproj", "{159D3CF3-A50A-4247-AD6F-FB435DA0C43C}"
EndProject
Global
	GlobalSection(SolutionConfigurationPlatforms) = preSolution
		Debug|Any CPU = Debug|Any CPU
		Release|Any CPU = Release|Any CPU
	EndGlobalSection
	GlobalSection(ProjectConfigurationPlatforms) = postSolution
		{159D3CF3-A50A-4247-AD6F-FB435DA0C43C}.Debug|Any CPU.ActiveCfg = Debug|Any CPU
		{159D3CF3-A50A-4247-AD6F-FB435DA0C43C}.Debug|Any CPU.Build.0 = Debug|Any CPU
		{159D3CF3-A50A-4247-AD6F-FB435DA0C43C}.Release|Any CPU.ActiveCfg = Release|Any CPU
		{159D3CF3-A50A-4247-AD6F-FB435DA0C43C}.Release|Any CPU.Build.0 = Release|Any CPU
	EndGlobalSection
	GlobalSection(SolutionProperties) = preSolution
		HideSolutionNode = FALSE
	EndGlobalSection
	GlobalSection(ExtensibilityGlobals) = postSolution
		SolutionGuid = {C2778F54-E0D6-4888-B3AB-C036F4859C26}
	EndGlobalSection
EndGlobal
